
Microsoft Visual Studio Solution File, Format Version 12.00
# Visual Studio Version 17
VisualStudioVersion = 17.9.34728.123
MinimumVisualStudioVersion = 10.0.40219.1
Project("{FAE04EC0-301F-11D3-BF4B-00C04F79EFBC}") = "MultiplasJanelas", "MultiplasJanelas\MultiplasJanelas.csproj", "{A7FBF12F-5A54-456A-9C85-E8DECD1AEF3A}"
EndProject
Global
	GlobalSection(SolutionConfigurationPlatforms) = preSolution
		Debug|Any CPU = Debug|Any CPU
		Release|Any CPU = Release|Any CPU
	EndGlobalSection
	GlobalSection(ProjectConfigurationPlatforms) = postSolution
		{A7FBF12F-5A54-456A-9C85-E8DECD1AEF3A}.Debug|Any CPU.ActiveCfg = Debug|Any CPU
		{A7FBF12F-5A54-456A-9C85-E8DECD1AEF3A}.Debug|Any CPU.Build.0 = Debug|Any CPU
		{A7FBF12F-5A54-456A-9C85-E8DECD1AEF3A}.Release|Any CPU.ActiveCfg = Release|Any CPU
		{A7FBF12F-5A54-456A-9C85-E8DECD1AEF3A}.Release|Any CPU.Build.0 = Release|Any CPU
	EndGlobalSection
	GlobalSection(SolutionProperties) = preSolution
		HideSolutionNode = FALSE
	EndGlobalSection
	GlobalSection(ExtensibilityGlobals) = postSolution
		SolutionGuid = {4E033867-E68A-4939-9838-71AA3FA2B53E}
	EndGlobalSection
EndGlobal
